// !$*UTF8*$!
{
	archiveVersion = 1;
	classes = {
	};
	objectVersion = 77;
	objects = {

/* Begin PBXBuildFile section */
		058627612CA3F41E00BB44B4 /* logo.png in Resources */ = {isa = PBXBuildFile; fileRef = 058627602CA3F41E00BB44B4 /* logo.png */; };
		058627752CA3F93A00BB44B4 /* Scoreboard.swift in Sources */ = {isa = PBXBuildFile; fileRef = 058627742CA3F93A00BB44B4 /* Scoreboard.swift */; };
		058627792CA3F96F00BB44B4 /* UIColor+.swift in Sources */ = {isa = PBXBuildFile; fileRef = 058627782CA3F96F00BB44B4 /* UIColor+.swift */; };
		0586277B2CA53EE700BB44B4 /* PrivacyInfo.xcprivacy in Resources */ = {isa = PBXBuildFile; fileRef = 0586277A2CA53EE700BB44B4 /* PrivacyInfo.xcprivacy */; };
		058C8D1C2CA140C7002EC995 /* SegmentedProgressBar.swift in Sources */ = {isa = PBXBuildFile; fileRef = 058C8D1B2CA140C7002EC995 /* SegmentedProgressBar.swift */; };
		05F48BDE2C9467C000DABF81 /* AppDelegate.swift in Sources */ = {isa = PBXBuildFile; fileRef = 05F48BDD2C9467C000DABF81 /* AppDelegate.swift */; };
		05F48BE02C9467C000DABF81 /* SceneDelegate.swift in Sources */ = {isa = PBXBuildFile; fileRef = 05F48BDF2C9467C000DABF81 /* SceneDelegate.swift */; };
		05F48BE72C9467C200DABF81 /* Assets.xcassets in Resources */ = {isa = PBXBuildFile; fileRef = 05F48BE62C9467C200DABF81 /* Assets.xcassets */; };
		05F48BEA2C9467C200DABF81 /* Base in Resources */ = {isa = PBXBuildFile; fileRef = 05F48BE92C9467C200DABF81 /* Base */; };
		05F48BF62C946B0300DABF81 /* BaseViewController.swift in Sources */ = {isa = PBXBuildFile; fileRef = 05F48BF52C946B0300DABF81 /* BaseViewController.swift */; };
		05F48BFC2C94705500DABF81 /* HomeViewController.swift in Sources */ = {isa = PBXBuildFile; fileRef = 05F48BFB2C94705500DABF81 /* HomeViewController.swift */; };
		05F48C022C9472CD00DABF81 /* HomeViewModel.swift in Sources */ = {isa = PBXBuildFile; fileRef = 05F48C012C9472CD00DABF81 /* HomeViewModel.swift */; };
		05F48C082C94748200DABF81 /* GameViewController.swift in Sources */ = {isa = PBXBuildFile; fileRef = 05F48C072C94748200DABF81 /* GameViewController.swift */; };
		05F48C0A2C9476E200DABF81 /* GameViewModel.swift in Sources */ = {isa = PBXBuildFile; fileRef = 05F48C092C9476E200DABF81 /* GameViewModel.swift */; };
		05F48C0D2C9600CB00DABF81 /* GameState.swift in Sources */ = {isa = PBXBuildFile; fileRef = 05F48C0C2C9600CB00DABF81 /* GameState.swift */; };
		1E451C7A516F3F2486274DCC /* Pods_Millisecond.framework in Frameworks */ = {isa = PBXBuildFile; fileRef = 1A268322C5EA012A1782F07B /* Pods_Millisecond.framework */; };
/* End PBXBuildFile section */

/* Begin PBXFileReference section */
		058627602CA3F41E00BB44B4 /* logo.png */ = {isa = PBXFileReference; lastKnownFileType = image.png; path = logo.png; sourceTree = "<group>"; };
		058627742CA3F93A00BB44B4 /* Scoreboard.swift */ = {isa = PBXFileReference; lastKnownFileType = sourcecode.swift; path = Scoreboard.swift; sourceTree = "<group>"; };
		058627782CA3F96F00BB44B4 /* UIColor+.swift */ = {isa = PBXFileReference; lastKnownFileType = sourcecode.swift; path = "UIColor+.swift"; sourceTree = "<group>"; };
		0586277A2CA53EE700BB44B4 /* PrivacyInfo.xcprivacy */ = {isa = PBXFileReference; lastKnownFileType = text.xml; path = PrivacyInfo.xcprivacy; sourceTree = "<group>"; };
		058C8D1B2CA140C7002EC995 /* SegmentedProgressBar.swift */ = {isa = PBXFileReference; lastKnownFileType = sourcecode.swift; path = SegmentedProgressBar.swift; sourceTree = "<group>"; };
		05F48BDA2C9467C000DABF81 /* Millisecond.app */ = {isa = PBXFileReference; explicitFileType = wrapper.application; includeInIndex = 0; path = Millisecond.app; sourceTree = BUILT_PRODUCTS_DIR; };
		05F48BDD2C9467C000DABF81 /* AppDelegate.swift */ = {isa = PBXFileReference; lastKnownFileType = sourcecode.swift; path = AppDelegate.swift; sourceTree = "<group>"; };
		05F48BDF2C9467C000DABF81 /* SceneDelegate.swift */ = {isa = PBXFileReference; lastKnownFileType = sourcecode.swift; path = SceneDelegate.swift; sourceTree = "<group>"; };
		05F48BE62C9467C200DABF81 /* Assets.xcassets */ = {isa = PBXFileReference; lastKnownFileType = folder.assetcatalog; path = Assets.xcassets; sourceTree = "<group>"; };
		05F48BE92C9467C200DABF81 /* Base */ = {isa = PBXFileReference; lastKnownFileType = file.storyboard; name = Base; path = Base.lproj/LaunchScreen.storyboard; sourceTree = "<group>"; };
		05F48BEB2C9467C200DABF81 /* Info.plist */ = {isa = PBXFileReference; lastKnownFileType = text.plist.xml; path = Info.plist; sourceTree = "<group>"; };
		05F48BF52C946B0300DABF81 /* BaseViewController.swift */ = {isa = PBXFileReference; lastKnownFileType = sourcecode.swift; path = BaseViewController.swift; sourceTree = "<group>"; };
		05F48BFB2C94705500DABF81 /* HomeViewController.swift */ = {isa = PBXFileReference; lastKnownFileType = sourcecode.swift; path = HomeViewController.swift; sourceTree = "<group>"; };
		05F48C012C9472CD00DABF81 /* HomeViewModel.swift */ = {isa = PBXFileReference; lastKnownFileType = sourcecode.swift; path = HomeViewModel.swift; sourceTree = "<group>"; };
		05F48C072C94748200DABF81 /* GameViewController.swift */ = {isa = PBXFileReference; lastKnownFileType = sourcecode.swift; path = GameViewController.swift; sourceTree = "<group>"; };
		05F48C092C9476E200DABF81 /* GameViewModel.swift */ = {isa = PBXFileReference; lastKnownFileType = sourcecode.swift; path = GameViewModel.swift; sourceTree = "<group>"; };
		05F48C0C2C9600CB00DABF81 /* GameState.swift */ = {isa = PBXFileReference; lastKnownFileType = sourcecode.swift; path = GameState.swift; sourceTree = "<group>"; };
		1A268322C5EA012A1782F07B /* Pods_Millisecond.framework */ = {isa = PBXFileReference; explicitFileType = wrapper.framework; includeInIndex = 0; path = Pods_Millisecond.framework; sourceTree = BUILT_PRODUCTS_DIR; };
		4E2466FADCA52612520E0C36 /* Pods-Millisecond.release.xcconfig */ = {isa = PBXFileReference; includeInIndex = 1; lastKnownFileType = text.xcconfig; name = "Pods-Millisecond.release.xcconfig"; path = "Target Support Files/Pods-Millisecond/Pods-Millisecond.release.xcconfig"; sourceTree = "<group>"; };
		BE3A139FE4FAF0783083CDC0 /* Pods-Millisecond.debug.xcconfig */ = {isa = PBXFileReference; includeInIndex = 1; lastKnownFileType = text.xcconfig; name = "Pods-Millisecond.debug.xcconfig"; path = "Target Support Files/Pods-Millisecond/Pods-Millisecond.debug.xcconfig"; sourceTree = "<group>"; };
/* End PBXFileReference section */

/* Begin PBXFrameworksBuildPhase section */
		05F48BD72C9467C000DABF81 /* Frameworks */ = {
			isa = PBXFrameworksBuildPhase;
			buildActionMask = 2147483647;
			files = (
				1E451C7A516F3F2486274DCC /* Pods_Millisecond.framework in Frameworks */,
			);
			runOnlyForDeploymentPostprocessing = 0;
		};
/* End PBXFrameworksBuildPhase section */

/* Begin PBXGroup section */
		0586275F2CA3F40A00BB44B4 /* Splash */ = {
			isa = PBXGroup;
			children = (
				058627602CA3F41E00BB44B4 /* logo.png */,
			);
			path = Splash;
			sourceTree = "<group>";
		};
		058627732CA3F92D00BB44B4 /* Model */ = {
			isa = PBXGroup;
			children = (
				058627742CA3F93A00BB44B4 /* Scoreboard.swift */,
			);
			path = Model;
			sourceTree = "<group>";
		};
		058627772CA3F96200BB44B4 /* Extension */ = {
			isa = PBXGroup;
			children = (
				058627782CA3F96F00BB44B4 /* UIColor+.swift */,
			);
			path = Extension;
			sourceTree = "<group>";
		};
		05F48BD12C9467C000DABF81 = {
			isa = PBXGroup;
			children = (
				05F48BDC2C9467C000DABF81 /* Millisecond */,
				05F48BDB2C9467C000DABF81 /* Products */,
				9FCD5106A431FEA061DB9B75 /* Pods */,
				7D45575C572C1E2C52492D06 /* Frameworks */,
			);
			sourceTree = "<group>";
		};
		05F48BDB2C9467C000DABF81 /* Products */ = {
			isa = PBXGroup;
			children = (
				05F48BDA2C9467C000DABF81 /* Millisecond.app */,
			);
			name = Products;
			sourceTree = "<group>";
		};
		05F48BDC2C9467C000DABF81 /* Millisecond */ = {
			isa = PBXGroup;
			children = (
				05F48BEB2C9467C200DABF81 /* Info.plist */,
				0586277A2CA53EE700BB44B4 /* PrivacyInfo.xcprivacy */,
				05F48BF22C9469B600DABF81 /* Resources */,
				05F48BF12C9469AA00DABF81 /* Sources */,
			);
			path = Millisecond;
			sourceTree = "<group>";
		};
		05F48BF12C9469AA00DABF81 /* Sources */ = {
			isa = PBXGroup;
			children = (
				05F48BF32C9469D800DABF81 /* App */,
				05F48BF42C946A1A00DABF81 /* Scenes */,
				05F48BF72C946B0500DABF81 /* Common */,
			);
			path = Sources;
			sourceTree = "<group>";
		};
		05F48BF22C9469B600DABF81 /* Resources */ = {
			isa = PBXGroup;
			children = (
				0586275F2CA3F40A00BB44B4 /* Splash */,
				05F48BE62C9467C200DABF81 /* Assets.xcassets */,
				05F48BE82C9467C200DABF81 /* LaunchScreen.storyboard */,
			);
			path = Resources;
			sourceTree = "<group>";
		};
		05F48BF32C9469D800DABF81 /* App */ = {
			isa = PBXGroup;
			children = (
				05F48BDD2C9467C000DABF81 /* AppDelegate.swift */,
				05F48BDF2C9467C000DABF81 /* SceneDelegate.swift */,
			);
			path = App;
			sourceTree = "<group>";
		};
		05F48BF42C946A1A00DABF81 /* Scenes */ = {
			isa = PBXGroup;
			children = (
				05F48BFD2C9472A300DABF81 /* HomeScene */,
				05F48C032C94745200DABF81 /* GameScene */,
			);
			path = Scenes;
			sourceTree = "<group>";
		};
		05F48BF72C946B0500DABF81 /* Common */ = {
			isa = PBXGroup;
			children = (
				05F48BF82C946B1B00DABF81 /* Base */,
				058627772CA3F96200BB44B4 /* Extension */,
			);
			path = Common;
			sourceTree = "<group>";
		};
		05F48BF82C946B1B00DABF81 /* Base */ = {
			isa = PBXGroup;
			children = (
				05F48BF52C946B0300DABF81 /* BaseViewController.swift */,
			);
			path = Base;
			sourceTree = "<group>";
		};
		05F48BFD2C9472A300DABF81 /* HomeScene */ = {
			isa = PBXGroup;
			children = (
				05F48BFE2C9472B000DABF81 /* View */,
				05F48C002C9472BF00DABF81 /* ViewModel */,
			);
			path = HomeScene;
			sourceTree = "<group>";
		};
		05F48BFE2C9472B000DABF81 /* View */ = {
			isa = PBXGroup;
			children = (
				05F48BFB2C94705500DABF81 /* HomeViewController.swift */,
			);
			path = View;
			sourceTree = "<group>";
		};
		05F48C002C9472BF00DABF81 /* ViewModel */ = {
			isa = PBXGroup;
			children = (
				05F48C012C9472CD00DABF81 /* HomeViewModel.swift */,
			);
			path = ViewModel;
			sourceTree = "<group>";
		};
		05F48C032C94745200DABF81 /* GameScene */ = {
			isa = PBXGroup;
			children = (
				05F48C0B2C9600B800DABF81 /* Enum */,
				058627732CA3F92D00BB44B4 /* Model */,
				05F48C052C94746D00DABF81 /* View */,
				05F48C042C94746600DABF81 /* ViewModel */,
			);
			path = GameScene;
			sourceTree = "<group>";
		};
		05F48C042C94746600DABF81 /* ViewModel */ = {
			isa = PBXGroup;
			children = (
				05F48C092C9476E200DABF81 /* GameViewModel.swift */,
			);
			path = ViewModel;
			sourceTree = "<group>";
		};
		05F48C052C94746D00DABF81 /* View */ = {
			isa = PBXGroup;
			children = (
				05F48C072C94748200DABF81 /* GameViewController.swift */,
				058C8D1B2CA140C7002EC995 /* SegmentedProgressBar.swift */,
			);
			path = View;
			sourceTree = "<group>";
		};
		05F48C0B2C9600B800DABF81 /* Enum */ = {
			isa = PBXGroup;
			children = (
				05F48C0C2C9600CB00DABF81 /* GameState.swift */,
			);
			path = Enum;
			sourceTree = "<group>";
		};
		7D45575C572C1E2C52492D06 /* Frameworks */ = {
			isa = PBXGroup;
			children = (
				1A268322C5EA012A1782F07B /* Pods_Millisecond.framework */,
			);
			name = Frameworks;
			sourceTree = "<group>";
		};
		9FCD5106A431FEA061DB9B75 /* Pods */ = {
			isa = PBXGroup;
			children = (
				BE3A139FE4FAF0783083CDC0 /* Pods-Millisecond.debug.xcconfig */,
				4E2466FADCA52612520E0C36 /* Pods-Millisecond.release.xcconfig */,
			);
			path = Pods;
			sourceTree = "<group>";
		};
/* End PBXGroup section */

/* Begin PBXNativeTarget section */
		05F48BD92C9467C000DABF81 /* Millisecond */ = {
			isa = PBXNativeTarget;
			buildConfigurationList = 05F48BEE2C9467C200DABF81 /* Build configuration list for PBXNativeTarget "Millisecond" */;
			buildPhases = (
				7598433B0FFEDD4504B34349 /* [CP] Check Pods Manifest.lock */,
				05F48BD62C9467C000DABF81 /* Sources */,
				05F48BD72C9467C000DABF81 /* Frameworks */,
				05F48BD82C9467C000DABF81 /* Resources */,
				CE0FB5E9DBC97B023EEDB4E2 /* [CP] Embed Pods Frameworks */,
			);
			buildRules = (
			);
			dependencies = (
			);
			name = Millisecond;
			productName = Millisecond;
			productReference = 05F48BDA2C9467C000DABF81 /* Millisecond.app */;
			productType = "com.apple.product-type.application";
		};
/* End PBXNativeTarget section */

/* Begin PBXProject section */
		05F48BD22C9467C000DABF81 /* Project object */ = {
			isa = PBXProject;
			attributes = {
				BuildIndependentTargetsInParallel = 1;
				LastSwiftUpdateCheck = 1540;
				LastUpgradeCheck = 1600;
				TargetAttributes = {
					05F48BD92C9467C000DABF81 = {
						CreatedOnToolsVersion = 15.4;
					};
				};
			};
			buildConfigurationList = 05F48BD52C9467C000DABF81 /* Build configuration list for PBXProject "Millisecond" */;
			developmentRegion = ko;
			hasScannedForEncodings = 0;
			knownRegions = (
				ko,
				Base,
			);
			mainGroup = 05F48BD12C9467C000DABF81;
			preferredProjectObjectVersion = 77;
			productRefGroup = 05F48BDB2C9467C000DABF81 /* Products */;
			projectDirPath = "";
			projectRoot = "";
			targets = (
				05F48BD92C9467C000DABF81 /* Millisecond */,
			);
		};
/* End PBXProject section */

/* Begin PBXResourcesBuildPhase section */
		05F48BD82C9467C000DABF81 /* Resources */ = {
			isa = PBXResourcesBuildPhase;
			buildActionMask = 2147483647;
			files = (
				058627612CA3F41E00BB44B4 /* logo.png in Resources */,
				05F48BE72C9467C200DABF81 /* Assets.xcassets in Resources */,
				0586277B2CA53EE700BB44B4 /* PrivacyInfo.xcprivacy in Resources */,
				05F48BEA2C9467C200DABF81 /* Base in Resources */,
			);
			runOnlyForDeploymentPostprocessing = 0;
		};
/* End PBXResourcesBuildPhase section */

/* Begin PBXShellScriptBuildPhase section */
		7598433B0FFEDD4504B34349 /* [CP] Check Pods Manifest.lock */ = {
			isa = PBXShellScriptBuildPhase;
			buildActionMask = 2147483647;
			files = (
			);
			inputFileListPaths = (
			);
			inputPaths = (
				"${PODS_PODFILE_DIR_PATH}/Podfile.lock",
				"${PODS_ROOT}/Manifest.lock",
			);
			name = "[CP] Check Pods Manifest.lock";
			outputFileListPaths = (
			);
			outputPaths = (
				"$(DERIVED_FILE_DIR)/Pods-Millisecond-checkManifestLockResult.txt",
			);
			runOnlyForDeploymentPostprocessing = 0;
			shellPath = /bin/sh;
			shellScript = "diff \"${PODS_PODFILE_DIR_PATH}/Podfile.lock\" \"${PODS_ROOT}/Manifest.lock\" > /dev/null\nif [ $? != 0 ] ; then\n    # print error to STDERR\n    echo \"error: The sandbox is not in sync with the Podfile.lock. Run 'pod install' or update your CocoaPods installation.\" >&2\n    exit 1\nfi\n# This output is used by Xcode 'outputs' to avoid re-running this script phase.\necho \"SUCCESS\" > \"${SCRIPT_OUTPUT_FILE_0}\"\n";
			showEnvVarsInLog = 0;
		};
		CE0FB5E9DBC97B023EEDB4E2 /* [CP] Embed Pods Frameworks */ = {
			isa = PBXShellScriptBuildPhase;
			buildActionMask = 2147483647;
			files = (
			);
			inputFileListPaths = (
				"${PODS_ROOT}/Target Support Files/Pods-Millisecond/Pods-Millisecond-frameworks-${CONFIGURATION}-input-files.xcfilelist",
			);
			name = "[CP] Embed Pods Frameworks";
			outputFileListPaths = (
				"${PODS_ROOT}/Target Support Files/Pods-Millisecond/Pods-Millisecond-frameworks-${CONFIGURATION}-output-files.xcfilelist",
			);
			runOnlyForDeploymentPostprocessing = 0;
			shellPath = /bin/sh;
			shellScript = "\"${PODS_ROOT}/Target Support Files/Pods-Millisecond/Pods-Millisecond-frameworks.sh\"\n";
			showEnvVarsInLog = 0;
		};
/* End PBXShellScriptBuildPhase section */

/* Begin PBXSourcesBuildPhase section */
		05F48BD62C9467C000DABF81 /* Sources */ = {
			isa = PBXSourcesBuildPhase;
			buildActionMask = 2147483647;
			files = (
				05F48BDE2C9467C000DABF81 /* AppDelegate.swift in Sources */,
				058C8D1C2CA140C7002EC995 /* SegmentedProgressBar.swift in Sources */,
				05F48BE02C9467C000DABF81 /* SceneDelegate.swift in Sources */,
				05F48BF62C946B0300DABF81 /* BaseViewController.swift in Sources */,
				058627792CA3F96F00BB44B4 /* UIColor+.swift in Sources */,
				05F48C022C9472CD00DABF81 /* HomeViewModel.swift in Sources */,
				05F48C082C94748200DABF81 /* GameViewController.swift in Sources */,
				05F48C0D2C9600CB00DABF81 /* GameState.swift in Sources */,
				05F48BFC2C94705500DABF81 /* HomeViewController.swift in Sources */,
				058627752CA3F93A00BB44B4 /* Scoreboard.swift in Sources */,
				05F48C0A2C9476E200DABF81 /* GameViewModel.swift in Sources */,
			);
			runOnlyForDeploymentPostprocessing = 0;
		};
/* End PBXSourcesBuildPhase section */

/* Begin PBXVariantGroup section */
		05F48BE82C9467C200DABF81 /* LaunchScreen.storyboard */ = {
			isa = PBXVariantGroup;
			children = (
				05F48BE92C9467C200DABF81 /* Base */,
			);
			name = LaunchScreen.storyboard;
			sourceTree = "<group>";
		};
/* End PBXVariantGroup section */

/* Begin XCBuildConfiguration section */
		05F48BEC2C9467C200DABF81 /* Debug */ = {
			isa = XCBuildConfiguration;
			buildSettings = {
				ALWAYS_SEARCH_USER_PATHS = NO;
				ASSETCATALOG_COMPILER_GENERATE_SWIFT_ASSET_SYMBOL_EXTENSIONS = YES;
				CLANG_ANALYZER_NONNULL = YES;
				CLANG_ANALYZER_NUMBER_OBJECT_CONVERSION = YES_AGGRESSIVE;
				CLANG_CXX_LANGUAGE_STANDARD = "gnu++20";
				CLANG_ENABLE_MODULES = YES;
				CLANG_ENABLE_OBJC_ARC = YES;
				CLANG_ENABLE_OBJC_WEAK = YES;
				CLANG_WARN_BLOCK_CAPTURE_AUTORELEASING = YES;
				CLANG_WARN_BOOL_CONVERSION = YES;
				CLANG_WARN_COMMA = YES;
				CLANG_WARN_CONSTANT_CONVERSION = YES;
				CLANG_WARN_DEPRECATED_OBJC_IMPLEMENTATIONS = YES;
				CLANG_WARN_DIRECT_OBJC_ISA_USAGE = YES_ERROR;
				CLANG_WARN_DOCUMENTATION_COMMENTS = YES;
				CLANG_WARN_EMPTY_BODY = YES;
				CLANG_WARN_ENUM_CONVERSION = YES;
				CLANG_WARN_INFINITE_RECURSION = YES;
				CLANG_WARN_INT_CONVERSION = YES;
				CLANG_WARN_NON_LITERAL_NULL_CONVERSION = YES;
				CLANG_WARN_OBJC_IMPLICIT_RETAIN_SELF = YES;
				CLANG_WARN_OBJC_LITERAL_CONVERSION = YES;
				CLANG_WARN_OBJC_ROOT_CLASS = YES_ERROR;
				CLANG_WARN_QUOTED_INCLUDE_IN_FRAMEWORK_HEADER = YES;
				CLANG_WARN_RANGE_LOOP_ANALYSIS = YES;
				CLANG_WARN_STRICT_PROTOTYPES = YES;
				CLANG_WARN_SUSPICIOUS_MOVE = YES;
				CLANG_WARN_UNGUARDED_AVAILABILITY = YES_AGGRESSIVE;
				CLANG_WARN_UNREACHABLE_CODE = YES;
				CLANG_WARN__DUPLICATE_METHOD_MATCH = YES;
				COPY_PHASE_STRIP = NO;
				DEBUG_INFORMATION_FORMAT = dwarf;
				ENABLE_STRICT_OBJC_MSGSEND = YES;
				ENABLE_TESTABILITY = YES;
				ENABLE_USER_SCRIPT_SANDBOXING = NO;
				GCC_C_LANGUAGE_STANDARD = gnu17;
				GCC_DYNAMIC_NO_PIC = NO;
				GCC_NO_COMMON_BLOCKS = YES;
				GCC_OPTIMIZATION_LEVEL = 0;
				GCC_PREPROCESSOR_DEFINITIONS = (
					"DEBUG=1",
					"$(inherited)",
				);
				GCC_WARN_64_TO_32_BIT_CONVERSION = YES;
				GCC_WARN_ABOUT_RETURN_TYPE = YES_ERROR;
				GCC_WARN_UNDECLARED_SELECTOR = YES;
				GCC_WARN_UNINITIALIZED_AUTOS = YES_AGGRESSIVE;
				GCC_WARN_UNUSED_FUNCTION = YES;
				GCC_WARN_UNUSED_VARIABLE = YES;
				IPHONEOS_DEPLOYMENT_TARGET = 17.5;
				LOCALIZATION_PREFERS_STRING_CATALOGS = YES;
				MTL_ENABLE_DEBUG_INFO = INCLUDE_SOURCE;
				MTL_FAST_MATH = YES;
				ONLY_ACTIVE_ARCH = YES;
				SDKROOT = iphoneos;
				SWIFT_ACTIVE_COMPILATION_CONDITIONS = "DEBUG $(inherited)";
				SWIFT_OPTIMIZATION_LEVEL = "-Onone";
			};
			name = Debug;
		};
		05F48BED2C9467C200DABF81 /* Release */ = {
			isa = XCBuildConfiguration;
			buildSettings = {
				ALWAYS_SEARCH_USER_PATHS = NO;
				ASSETCATALOG_COMPILER_GENERATE_SWIFT_ASSET_SYMBOL_EXTENSIONS = YES;
				CLANG_ANALYZER_NONNULL = YES;
				CLANG_ANALYZER_NUMBER_OBJECT_CONVERSION = YES_AGGRESSIVE;
				CLANG_CXX_LANGUAGE_STANDARD = "gnu++20";
				CLANG_ENABLE_MODULES = YES;
				CLANG_ENABLE_OBJC_ARC = YES;
				CLANG_ENABLE_OBJC_WEAK = YES;
				CLANG_WARN_BLOCK_CAPTURE_AUTORELEASING = YES;
				CLANG_WARN_BOOL_CONVERSION = YES;
				CLANG_WARN_COMMA = YES;
				CLANG_WARN_CONSTANT_CONVERSION = YES;
				CLANG_WARN_DEPRECATED_OBJC_IMPLEMENTATIONS = YES;
				CLANG_WARN_DIRECT_OBJC_ISA_USAGE = YES_ERROR;
				CLANG_WARN_DOCUMENTATION_COMMENTS = YES;
				CLANG_WARN_EMPTY_BODY = YES;
				CLANG_WARN_ENUM_CONVERSION = YES;
				CLANG_WARN_INFINITE_RECURSION = YES;
				CLANG_WARN_INT_CONVERSION = YES;
				CLANG_WARN_NON_LITERAL_NULL_CONVERSION = YES;
				CLANG_WARN_OBJC_IMPLICIT_RETAIN_SELF = YES;
				CLANG_WARN_OBJC_LITERAL_CONVERSION = YES;
				CLANG_WARN_OBJC_ROOT_CLASS = YES_ERROR;
				CLANG_WARN_QUOTED_INCLUDE_IN_FRAMEWORK_HEADER = YES;
				CLANG_WARN_RANGE_LOOP_ANALYSIS = YES;
				CLANG_WARN_STRICT_PROTOTYPES = YES;
				CLANG_WARN_SUSPICIOUS_MOVE = YES;
				CLANG_WARN_UNGUARDED_AVAILABILITY = YES_AGGRESSIVE;
				CLANG_WARN_UNREACHABLE_CODE = YES;
				CLANG_WARN__DUPLICATE_METHOD_MATCH = YES;
				COPY_PHASE_STRIP = NO;
				DEBUG_INFORMATION_FORMAT = "dwarf-with-dsym";
				ENABLE_NS_ASSERTIONS = NO;
				ENABLE_STRICT_OBJC_MSGSEND = YES;
				ENABLE_USER_SCRIPT_SANDBOXING = NO;
				GCC_C_LANGUAGE_STANDARD = gnu17;
				GCC_NO_COMMON_BLOCKS = YES;
				GCC_WARN_64_TO_32_BIT_CONVERSION = YES;
				GCC_WARN_ABOUT_RETURN_TYPE = YES_ERROR;
				GCC_WARN_UNDECLARED_SELECTOR = YES;
				GCC_WARN_UNINITIALIZED_AUTOS = YES_AGGRESSIVE;
				GCC_WARN_UNUSED_FUNCTION = YES;
				GCC_WARN_UNUSED_VARIABLE = YES;
				IPHONEOS_DEPLOYMENT_TARGET = 17.5;
				LOCALIZATION_PREFERS_STRING_CATALOGS = YES;
				MTL_ENABLE_DEBUG_INFO = NO;
				MTL_FAST_MATH = YES;
				SDKROOT = iphoneos;
				SWIFT_COMPILATION_MODE = wholemodule;
				VALIDATE_PRODUCT = YES;
			};
			name = Release;
		};
		05F48BEF2C9467C200DABF81 /* Debug */ = {
			isa = XCBuildConfiguration;
			baseConfigurationReference = BE3A139FE4FAF0783083CDC0 /* Pods-Millisecond.debug.xcconfig */;
			buildSettings = {
				ASSETCATALOG_COMPILER_APPICON_NAME = AppIcon;
				ASSETCATALOG_COMPILER_GLOBAL_ACCENT_COLOR_NAME = AccentColor;
				CODE_SIGN_STYLE = Automatic;
				CURRENT_PROJECT_VERSION = 5;
				DEVELOPMENT_TEAM = 7WULLR98GP;
				GENERATE_INFOPLIST_FILE = YES;
				INFOPLIST_FILE = Millisecond/Info.plist;
				INFOPLIST_KEY_CFBundleDisplayName = "밀리세컨드";
				INFOPLIST_KEY_LSApplicationCategoryType = "public.app-category.games";
				INFOPLIST_KEY_UIApplicationSupportsIndirectInputEvents = YES;
				INFOPLIST_KEY_UILaunchStoryboardName = LaunchScreen;
				INFOPLIST_KEY_UIMainStoryboardFile = "";
				INFOPLIST_KEY_UIRequiresFullScreen = YES;
				INFOPLIST_KEY_UISupportedInterfaceOrientations = UIInterfaceOrientationPortrait;
				IPHONEOS_DEPLOYMENT_TARGET = 15.0;
				LD_RUNPATH_SEARCH_PATHS = (
					"$(inherited)",
					"@executable_path/Frameworks",
				);
				MARKETING_VERSION = 1.0.0;
				PRODUCT_BUNDLE_IDENTIFIER = com.rafa.Millisecond;
				PRODUCT_NAME = "$(TARGET_NAME)";
				SUPPORTED_PLATFORMS = "iphoneos iphonesimulator";
				SUPPORTS_MACCATALYST = NO;
				SUPPORTS_MAC_DESIGNED_FOR_IPHONE_IPAD = NO;
				SUPPORTS_XR_DESIGNED_FOR_IPHONE_IPAD = NO;
				SWIFT_EMIT_LOC_STRINGS = YES;
				SWIFT_VERSION = 5.0;
				TARGETED_DEVICE_FAMILY = 1;
			};
			name = Debug;
		};
		05F48BF02C9467C200DABF81 /* Release */ = {
			isa = XCBuildConfiguration;
			baseConfigurationReference = 4E2466FADCA52612520E0C36 /* Pods-Millisecond.release.xcconfig */;
			buildSettings = {
				ASSETCATALOG_COMPILER_APPICON_NAME = AppIcon;
				ASSETCATALOG_COMPILER_GLOBAL_ACCENT_COLOR_NAME = AccentColor;
				CODE_SIGN_STYLE = Automatic;
				CURRENT_PROJECT_VERSION = 5;
				DEVELOPMENT_TEAM = 7WULLR98GP;
				GENERATE_INFOPLIST_FILE = YES;
				INFOPLIST_FILE = Millisecond/Info.plist;
				INFOPLIST_KEY_CFBundleDisplayName = "밀리세컨드";
				INFOPLIST_KEY_LSApplicationCategoryType = "public.app-category.games";
				INFOPLIST_KEY_UIApplicationSupportsIndirectInputEvents = YES;
				INFOPLIST_KEY_UILaunchStoryboardName = LaunchScreen;
				INFOPLIST_KEY_UIMainStoryboardFile = "";
				INFOPLIST_KEY_UIRequiresFullScreen = YES;
				INFOPLIST_KEY_UISupportedInterfaceOrientations = UIInterfaceOrientationPortrait;
				IPHONEOS_DEPLOYMENT_TARGET = 15.0;
				LD_RUNPATH_SEARCH_PATHS = (
					"$(inherited)",
					"@executable_path/Frameworks",
				);
				MARKETING_VERSION = 1.0.0;
				PRODUCT_BUNDLE_IDENTIFIER = com.rafa.Millisecond;
				PRODUCT_NAME = "$(TARGET_NAME)";
				SUPPORTED_PLATFORMS = "iphoneos iphonesimulator";
				SUPPORTS_MACCATALYST = NO;
				SUPPORTS_MAC_DESIGNED_FOR_IPHONE_IPAD = NO;
				SUPPORTS_XR_DESIGNED_FOR_IPHONE_IPAD = NO;
				SWIFT_EMIT_LOC_STRINGS = YES;
				SWIFT_VERSION = 5.0;
				TARGETED_DEVICE_FAMILY = 1;
			};
			name = Release;
		};
/* End XCBuildConfiguration section */

/* Begin XCConfigurationList section */
		05F48BD52C9467C000DABF81 /* Build configuration list for PBXProject "Millisecond" */ = {
			isa = XCConfigurationList;
			buildConfigurations = (
				05F48BEC2C9467C200DABF81 /* Debug */,
				05F48BED2C9467C200DABF81 /* Release */,
			);
			defaultConfigurationIsVisible = 0;
			defaultConfigurationName = Release;
		};
		05F48BEE2C9467C200DABF81 /* Build configuration list for PBXNativeTarget "Millisecond" */ = {
			isa = XCConfigurationList;
			buildConfigurations = (
				05F48BEF2C9467C200DABF81 /* Debug */,
				05F48BF02C9467C200DABF81 /* Release */,
			);
			defaultConfigurationIsVisible = 0;
			defaultConfigurationName = Release;
		};
/* End XCConfigurationList section */
	};
	rootObject = 05F48BD22C9467C000DABF81 /* Project object */;
}
